
Microsoft Visual Studio Solution File, Format Version 12.00
# Visual Studio 15
VisualStudioVersion = 15.0.28010.2036
MinimumVisualStudioVersion = 10.0.40219.1
Project("{FAE04EC0-301F-11D3-BF4B-00C04F79EFBC}") = "Six-axis robot  master computer", "Six-axis robot  master computer\Six-axis robot  master computer.csproj", "{D2427F06-8B27-4184-900D-A486CAB53F49}"
EndProject
Global
	GlobalSection(SolutionConfigurationPlatforms) = preSolution
		Debug|Any CPU = Debug|Any CPU
		Release|Any CPU = Release|Any CPU
	EndGlobalSection
	GlobalSection(ProjectConfigurationPlatforms) = postSolution
		{D2427F06-8B27-4184-900D-A486CAB53F49}.Debug|Any CPU.ActiveCfg = Debug|Any CPU
		{D2427F06-8B27-4184-900D-A486CAB53F49}.Debug|Any CPU.Build.0 = Debug|Any CPU
		{D2427F06-8B27-4184-900D-A486CAB53F49}.Release|Any CPU.ActiveCfg = Release|Any CPU
		{D2427F06-8B27-4184-900D-A486CAB53F49}.Release|Any CPU.Build.0 = Release|Any CPU
	EndGlobalSection
	GlobalSection(SolutionProperties) = preSolution
		HideSolutionNode = FALSE
	EndGlobalSection
	GlobalSection(ExtensibilityGlobals) = postSolution
		SolutionGuid = {5BFE551E-99B7-4286-B73E-2421A8FC73B8}
	EndGlobalSection
EndGlobal
